
Microsoft Visual Studio Solution File, Format Version 12.00
# Visual Studio 14
VisualStudioVersion = 14.0.25420.1
MinimumVisualStudioVersion = 10.0.40219.1
Project("{8BB2217D-0F2D-49D1-97BC-3654ED321F3B}") = "Channels.Http2", "src\Channels.Http2\Channels.Http2.xproj", "{F2B3802D-4341-4058-8815-7371B9A0EB69}"
EndProject
Project("{2150E333-8FDC-42A3-9474-1A3956D46DE8}") = "Solution Items", "Solution Items", "{A04B6E9C-630E-4869-99EF-2274D2A29223}"
	ProjectSection(SolutionItems) = preProject
		global.json = global.json
		NuGet.config = NuGet.config
		README.md = README.md
	EndProjectSection
EndProject
Project("{8BB2217D-0F2D-49D1-97BC-3654ED321F3B}") = "Channels.Http2.Tests", "test\Channels.Http2.Tests\Channels.Http2.Tests.xproj", "{7D8173FB-E774-4058-8008-F79ACC817B25}"
EndProject
Project("{8BB2217D-0F2D-49D1-97BC-3654ED321F3B}") = "DemoServer", "DemoServer\DemoServer.xproj", "{4C2C939A-402B-4F4A-946F-A23F21B3EA52}"
EndProject
Global
	GlobalSection(SolutionConfigurationPlatforms) = preSolution
		Debug|Any CPU = Debug|Any CPU
		Release|Any CPU = Release|Any CPU
	EndGlobalSection
	GlobalSection(ProjectConfigurationPlatforms) = postSolution
		{F2B3802D-4341-4058-8815-7371B9A0EB69}.Debug|Any CPU.ActiveCfg = Debug|Any CPU
		{F2B3802D-4341-4058-8815-7371B9A0EB69}.Debug|Any CPU.Build.0 = Debug|Any CPU
		{F2B3802D-4341-4058-8815-7371B9A0EB69}.Release|Any CPU.ActiveCfg = Release|Any CPU
		{F2B3802D-4341-4058-8815-7371B9A0EB69}.Release|Any CPU.Build.0 = Release|Any CPU
		{7D8173FB-E774-4058-8008-F79ACC817B25}.Debug|Any CPU.ActiveCfg = Debug|Any CPU
		{7D8173FB-E774-4058-8008-F79ACC817B25}.Debug|Any CPU.Build.0 = Debug|Any CPU
		{7D8173FB-E774-4058-8008-F79ACC817B25}.Release|Any CPU.ActiveCfg = Release|Any CPU
		{7D8173FB-E774-4058-8008-F79ACC817B25}.Release|Any CPU.Build.0 = Release|Any CPU
		{4C2C939A-402B-4F4A-946F-A23F21B3EA52}.Debug|Any CPU.ActiveCfg = Debug|Any CPU
		{4C2C939A-402B-4F4A-946F-A23F21B3EA52}.Debug|Any CPU.Build.0 = Debug|Any CPU
		{4C2C939A-402B-4F4A-946F-A23F21B3EA52}.Release|Any CPU.ActiveCfg = Release|Any CPU
		{4C2C939A-402B-4F4A-946F-A23F21B3EA52}.Release|Any CPU.Build.0 = Release|Any CPU
	EndGlobalSection
	GlobalSection(SolutionProperties) = preSolution
		HideSolutionNode = FALSE
	EndGlobalSection
EndGlobal
